
Microsoft Visual Studio Solution File, Format Version 12.00
# Visual Studio Version 17
VisualStudioVersion = 17.0.32112.339
MinimumVisualStudioVersion = 10.0.40219.1
Project("{8BC9CEB8-8B4A-11D0-8D11-00A0C91BC942}") = "password_generator", "cppExerciseConsole\cppExerciseConsole.vcxproj", "{CC4B8E5A-1C01-47AC-9104-442B4C12BFD9}"
EndProject
Project("{8BC9CEB8-8B4A-11D0-8D11-00A0C91BC942}") = "CIRCSTRC", "Project2\Project2.vcxproj", "{6817F788-F2C9-4643-A8D9-C0A2E0D5CD0F}"
EndProject
Project("{8BC9CEB8-8B4A-11D0-8D11-00A0C91BC942}") = "Змейка", "snek\snek.vcxproj", "{B6254C92-1FF3-41DA-87FF-C8C0FEEDD5B1}"
EndProject
Project("{8BC9CEB8-8B4A-11D0-8D11-00A0C91BC942}") = "CARDGAME", "poeben1\poeben1.vcxproj", "{E91CCB5A-AF39-406F-887B-CFC36F57B683}"
EndProject
Project("{8BC9CEB8-8B4A-11D0-8D11-00A0C91BC942}") = "DIST", "Project3\Project3.vcxproj", "{75307067-6F86-4650-A31A-B3C6936B88EB}"
EndProject
Project("{8BC9CEB8-8B4A-11D0-8D11-00A0C91BC942}") = "SALEMON", "Project4\Project4.vcxproj", "{C13507ED-7A20-4FD5-B0B8-AC0BE7817F78}"
EndProject
Project("{8BC9CEB8-8B4A-11D0-8D11-00A0C91BC942}") = "PARTARRAY", "Project5\Project5.vcxproj", "{F38E14AF-0BFD-4664-AC68-68A7C7FA7D68}"
EndProject
Project("{8BC9CEB8-8B4A-11D0-8D11-00A0C91BC942}") = "ENGLARRAY", "Project6\Project6.vcxproj", "{7D61720F-1852-4711-B225-64892BA49704}"
EndProject
Project("{8BC9CEB8-8B4A-11D0-8D11-00A0C91BC942}") = "CARDARRAY", "CARDARRAY\CARDARRAY.vcxproj", "{7ABDCCF1-14B7-4598-97E7-58F4BF66F53C}"
EndProject
Project("{8BC9CEB8-8B4A-11D0-8D11-00A0C91BC942}") = "STROBJ", "Project7\Project7.vcxproj", "{270D167D-BFB3-46F2-98AF-ABCD51E97671}"
EndProject
Project("{8BC9CEB8-8B4A-11D0-8D11-00A0C91BC942}") = "Project8", "Project8\Project8.vcxproj", "{11C25B2D-17C2-418E-B906-3CD68AFDA8D8}"
EndProject
Project("{8BC9CEB8-8B4A-11D0-8D11-00A0C91BC942}") = "Choose_sort", "Choose_sort\Choose_sort.vcxproj", "{10589AF4-EE9B-4F7C-9DCA-4FA2195B56B8}"
EndProject
Global
	GlobalSection(SolutionConfigurationPlatforms) = preSolution
		Debug|Any CPU = Debug|Any CPU
		Debug|x64 = Debug|x64
		Debug|x86 = Debug|x86
		Release|Any CPU = Release|Any CPU
		Release|x64 = Release|x64
		Release|x86 = Release|x86
	EndGlobalSection
	GlobalSection(ProjectConfigurationPlatforms) = postSolution
		{CC4B8E5A-1C01-47AC-9104-442B4C12BFD9}.Debug|Any CPU.ActiveCfg = Debug|x64
		{CC4B8E5A-1C01-47AC-9104-442B4C12BFD9}.Debug|Any CPU.Build.0 = Debug|x64
		{CC4B8E5A-1C01-47AC-9104-442B4C12BFD9}.Debug|x64.ActiveCfg = Debug|x64
		{CC4B8E5A-1C01-47AC-9104-442B4C12BFD9}.Debug|x64.Build.0 = Debug|x64
		{CC4B8E5A-1C01-47AC-9104-442B4C12BFD9}.Debug|x86.ActiveCfg = Debug|Win32
		{CC4B8E5A-1C01-47AC-9104-442B4C12BFD9}.Debug|x86.Build.0 = Debug|Win32
		{CC4B8E5A-1C01-47AC-9104-442B4C12BFD9}.Release|Any CPU.ActiveCfg = Release|x64
		{CC4B8E5A-1C01-47AC-9104-442B4C12BFD9}.Release|Any CPU.Build.0 = Release|x64
		{CC4B8E5A-1C01-47AC-9104-442B4C12BFD9}.Release|x64.ActiveCfg = Release|x64
		{CC4B8E5A-1C01-47AC-9104-442B4C12BFD9}.Release|x64.Build.0 = Release|x64
		{CC4B8E5A-1C01-47AC-9104-442B4C12BFD9}.Release|x86.ActiveCfg = Release|Win32
		{CC4B8E5A-1C01-47AC-9104-442B4C12BFD9}.Release|x86.Build.0 = Release|Win32
		{6817F788-F2C9-4643-A8D9-C0A2E0D5CD0F}.Debug|Any CPU.ActiveCfg = Debug|x64
		{6817F788-F2C9-4643-A8D9-C0A2E0D5CD0F}.Debug|Any CPU.Build.0 = Debug|x64
		{6817F788-F2C9-4643-A8D9-C0A2E0D5CD0F}.Debug|x64.ActiveCfg = Debug|x64
		{6817F788-F2C9-4643-A8D9-C0A2E0D5CD0F}.Debug|x64.Build.0 = Debug|x64
		{6817F788-F2C9-4643-A8D9-C0A2E0D5CD0F}.Debug|x86.ActiveCfg = Debug|Win32
		{6817F788-F2C9-4643-A8D9-C0A2E0D5CD0F}.Debug|x86.Build.0 = Debug|Win32
		{6817F788-F2C9-4643-A8D9-C0A2E0D5CD0F}.Release|Any CPU.ActiveCfg = Release|x64
		{6817F788-F2C9-4643-A8D9-C0A2E0D5CD0F}.Release|Any CPU.Build.0 = Release|x64
		{6817F788-F2C9-4643-A8D9-C0A2E0D5CD0F}.Release|x64.ActiveCfg = Release|x64
		{6817F788-F2C9-4643-A8D9-C0A2E0D5CD0F}.Release|x64.Build.0 = Release|x64
		{6817F788-F2C9-4643-A8D9-C0A2E0D5CD0F}.Release|x86.ActiveCfg = Release|Win32
		{6817F788-F2C9-4643-A8D9-C0A2E0D5CD0F}.Release|x86.Build.0 = Release|Win32
		{B6254C92-1FF3-41DA-87FF-C8C0FEEDD5B1}.Debug|Any CPU.ActiveCfg = Debug|x64
		{B6254C92-1FF3-41DA-87FF-C8C0FEEDD5B1}.Debug|Any CPU.Build.0 = Debug|x64
		{B6254C92-1FF3-41DA-87FF-C8C0FEEDD5B1}.Debug|x64.ActiveCfg = Debug|x64
		{B6254C92-1FF3-41DA-87FF-C8C0FEEDD5B1}.Debug|x64.Build.0 = Debug|x64
		{B6254C92-1FF3-41DA-87FF-C8C0FEEDD5B1}.Debug|x86.ActiveCfg = Debug|Win32
		{B6254C92-1FF3-41DA-87FF-C8C0FEEDD5B1}.Debug|x86.Build.0 = Debug|Win32
		{B6254C92-1FF3-41DA-87FF-C8C0FEEDD5B1}.Release|Any CPU.ActiveCfg = Release|x64
		{B6254C92-1FF3-41DA-87FF-C8C0FEEDD5B1}.Release|Any CPU.Build.0 = Release|x64
		{B6254C92-1FF3-41DA-87FF-C8C0FEEDD5B1}.Release|x64.ActiveCfg = Release|x64
		{B6254C92-1FF3-41DA-87FF-C8C0FEEDD5B1}.Release|x64.Build.0 = Release|x64
		{B6254C92-1FF3-41DA-87FF-C8C0FEEDD5B1}.Release|x86.ActiveCfg = Release|Win32
		{B6254C92-1FF3-41DA-87FF-C8C0FEEDD5B1}.Release|x86.Build.0 = Release|Win32
		{E91CCB5A-AF39-406F-887B-CFC36F57B683}.Debug|Any CPU.ActiveCfg = Debug|x64
		{E91CCB5A-AF39-406F-887B-CFC36F57B683}.Debug|Any CPU.Build.0 = Debug|x64
		{E91CCB5A-AF39-406F-887B-CFC36F57B683}.Debug|x64.ActiveCfg = Debug|x64
		{E91CCB5A-AF39-406F-887B-CFC36F57B683}.Debug|x64.Build.0 = Debug|x64
		{E91CCB5A-AF39-406F-887B-CFC36F57B683}.Debug|x86.ActiveCfg = Debug|Win32
		{E91CCB5A-AF39-406F-887B-CFC36F57B683}.Debug|x86.Build.0 = Debug|Win32
		{E91CCB5A-AF39-406F-887B-CFC36F57B683}.Release|Any CPU.ActiveCfg = Release|x64
		{E91CCB5A-AF39-406F-887B-CFC36F57B683}.Release|Any CPU.Build.0 = Release|x64
		{E91CCB5A-AF39-406F-887B-CFC36F57B683}.Release|x64.ActiveCfg = Release|x64
		{E91CCB5A-AF39-406F-887B-CFC36F57B683}.Release|x64.Build.0 = Release|x64
		{E91CCB5A-AF39-406F-887B-CFC36F57B683}.Release|x86.ActiveCfg = Release|Win32
		{E91CCB5A-AF39-406F-887B-CFC36F57B683}.Release|x86.Build.0 = Release|Win32
		{75307067-6F86-4650-A31A-B3C6936B88EB}.Debug|Any CPU.ActiveCfg = Debug|x64
		{75307067-6F86-4650-A31A-B3C6936B88EB}.Debug|Any CPU.Build.0 = Debug|x64
		{75307067-6F86-4650-A31A-B3C6936B88EB}.Debug|x64.ActiveCfg = Debug|x64
		{75307067-6F86-4650-A31A-B3C6936B88EB}.Debug|x64.Build.0 = Debug|x64
		{75307067-6F86-4650-A31A-B3C6936B88EB}.Debug|x86.ActiveCfg = Debug|Win32
		{75307067-6F86-4650-A31A-B3C6936B88EB}.Debug|x86.Build.0 = Debug|Win32
		{75307067-6F86-4650-A31A-B3C6936B88EB}.Release|Any CPU.ActiveCfg = Release|x64
		{75307067-6F86-4650-A31A-B3C6936B88EB}.Release|Any CPU.Build.0 = Release|x64
		{75307067-6F86-4650-A31A-B3C6936B88EB}.Release|x64.ActiveCfg = Release|x64
		{75307067-6F86-4650-A31A-B3C6936B88EB}.Release|x64.Build.0 = Release|x64
		{75307067-6F86-4650-A31A-B3C6936B88EB}.Release|x86.ActiveCfg = Release|Win32
		{75307067-6F86-4650-A31A-B3C6936B88EB}.Release|x86.Build.0 = Release|Win32
		{C13507ED-7A20-4FD5-B0B8-AC0BE7817F78}.Debug|Any CPU.ActiveCfg = Debug|x64
		{C13507ED-7A20-4FD5-B0B8-AC0BE7817F78}.Debug|Any CPU.Build.0 = Debug|x64
		{C13507ED-7A20-4FD5-B0B8-AC0BE7817F78}.Debug|x64.ActiveCfg = Debug|x64
		{C13507ED-7A20-4FD5-B0B8-AC0BE7817F78}.Debug|x64.Build.0 = Debug|x64
		{C13507ED-7A20-4FD5-B0B8-AC0BE7817F78}.Debug|x86.ActiveCfg = Debug|Win32
		{C13507ED-7A20-4FD5-B0B8-AC0BE7817F78}.Debug|x86.Build.0 = Debug|Win32
		{C13507ED-7A20-4FD5-B0B8-AC0BE7817F78}.Release|Any CPU.ActiveCfg = Release|x64
		{C13507ED-7A20-4FD5-B0B8-AC0BE7817F78}.Release|Any CPU.Build.0 = Release|x64
		{C13507ED-7A20-4FD5-B0B8-AC0BE7817F78}.Release|x64.ActiveCfg = Release|x64
		{C13507ED-7A20-4FD5-B0B8-AC0BE7817F78}.Release|x64.Build.0 = Release|x64
		{C13507ED-7A20-4FD5-B0B8-AC0BE7817F78}.Release|x86.ActiveCfg = Release|Win32
		{C13507ED-7A20-4FD5-B0B8-AC0BE7817F78}.Release|x86.Build.0 = Release|Win32
		{F38E14AF-0BFD-4664-AC68-68A7C7FA7D68}.Debug|Any CPU.ActiveCfg = Debug|x64
		{F38E14AF-0BFD-4664-AC68-68A7C7FA7D68}.Debug|Any CPU.Build.0 = Debug|x64
		{F38E14AF-0BFD-4664-AC68-68A7C7FA7D68}.Debug|x64.ActiveCfg = Debug|x64
		{F38E14AF-0BFD-4664-AC68-68A7C7FA7D68}.Debug|x64.Build.0 = Debug|x64
		{F38E14AF-0BFD-4664-AC68-68A7C7FA7D68}.Debug|x86.ActiveCfg = Debug|Win32
		{F38E14AF-0BFD-4664-AC68-68A7C7FA7D68}.Debug|x86.Build.0 = Debug|Win32
		{F38E14AF-0BFD-4664-AC68-68A7C7FA7D68}.Release|Any CPU.ActiveCfg = Release|x64
		{F38E14AF-0BFD-4664-AC68-68A7C7FA7D68}.Release|Any CPU.Build.0 = Release|x64
		{F38E14AF-0BFD-4664-AC68-68A7C7FA7D68}.Release|x64.ActiveCfg = Release|x64
		{F38E14AF-0BFD-4664-AC68-68A7C7FA7D68}.Release|x64.Build.0 = Release|x64
		{F38E14AF-0BFD-4664-AC68-68A7C7FA7D68}.Release|x86.ActiveCfg = Release|Win32
		{F38E14AF-0BFD-4664-AC68-68A7C7FA7D68}.Release|x86.Build.0 = Release|Win32
		{7D61720F-1852-4711-B225-64892BA49704}.Debug|Any CPU.ActiveCfg = Debug|x64
		{7D61720F-1852-4711-B225-64892BA49704}.Debug|Any CPU.Build.0 = Debug|x64
		{7D61720F-1852-4711-B225-64892BA49704}.Debug|x64.ActiveCfg = Debug|x64
		{7D61720F-1852-4711-B225-64892BA49704}.Debug|x64.Build.0 = Debug|x64
		{7D61720F-1852-4711-B225-64892BA49704}.Debug|x86.ActiveCfg = Debug|Win32
		{7D61720F-1852-4711-B225-64892BA49704}.Debug|x86.Build.0 = Debug|Win32
		{7D61720F-1852-4711-B225-64892BA49704}.Release|Any CPU.ActiveCfg = Release|x64
		{7D61720F-1852-4711-B225-64892BA49704}.Release|Any CPU.Build.0 = Release|x64
		{7D61720F-1852-4711-B225-64892BA49704}.Release|x64.ActiveCfg = Release|x64
		{7D61720F-1852-4711-B225-64892BA49704}.Release|x64.Build.0 = Release|x64
		{7D61720F-1852-4711-B225-64892BA49704}.Release|x86.ActiveCfg = Release|Win32
		{7D61720F-1852-4711-B225-64892BA49704}.Release|x86.Build.0 = Release|Win32
		{7ABDCCF1-14B7-4598-97E7-58F4BF66F53C}.Debug|Any CPU.ActiveCfg = Debug|x64
		{7ABDCCF1-14B7-4598-97E7-58F4BF66F53C}.Debug|Any CPU.Build.0 = Debug|x64
		{7ABDCCF1-14B7-4598-97E7-58F4BF66F53C}.Debug|x64.ActiveCfg = Debug|x64
		{7ABDCCF1-14B7-4598-97E7-58F4BF66F53C}.Debug|x64.Build.0 = Debug|x64
		{7ABDCCF1-14B7-4598-97E7-58F4BF66F53C}.Debug|x86.ActiveCfg = Debug|Win32
		{7ABDCCF1-14B7-4598-97E7-58F4BF66F53C}.Debug|x86.Build.0 = Debug|Win32
		{7ABDCCF1-14B7-4598-97E7-58F4BF66F53C}.Release|Any CPU.ActiveCfg = Release|x64
		{7ABDCCF1-14B7-4598-97E7-58F4BF66F53C}.Release|Any CPU.Build.0 = Release|x64
		{7ABDCCF1-14B7-4598-97E7-58F4BF66F53C}.Release|x64.ActiveCfg = Release|x64
		{7ABDCCF1-14B7-4598-97E7-58F4BF66F53C}.Release|x64.Build.0 = Release|x64
		{7ABDCCF1-14B7-4598-97E7-58F4BF66F53C}.Release|x86.ActiveCfg = Release|Win32
		{7ABDCCF1-14B7-4598-97E7-58F4BF66F53C}.Release|x86.Build.0 = Release|Win32
		{270D167D-BFB3-46F2-98AF-ABCD51E97671}.Debug|Any CPU.ActiveCfg = Debug|x64
		{270D167D-BFB3-46F2-98AF-ABCD51E97671}.Debug|Any CPU.Build.0 = Debug|x64
		{270D167D-BFB3-46F2-98AF-ABCD51E97671}.Debug|x64.ActiveCfg = Debug|x64
		{270D167D-BFB3-46F2-98AF-ABCD51E97671}.Debug|x64.Build.0 = Debug|x64
		{270D167D-BFB3-46F2-98AF-ABCD51E97671}.Debug|x86.ActiveCfg = Debug|Win32
		{270D167D-BFB3-46F2-98AF-ABCD51E97671}.Debug|x86.Build.0 = Debug|Win32
		{270D167D-BFB3-46F2-98AF-ABCD51E97671}.Release|Any CPU.ActiveCfg = Release|x64
		{270D167D-BFB3-46F2-98AF-ABCD51E97671}.Release|Any CPU.Build.0 = Release|x64
		{270D167D-BFB3-46F2-98AF-ABCD51E97671}.Release|x64.ActiveCfg = Release|x64
		{270D167D-BFB3-46F2-98AF-ABCD51E97671}.Release|x64.Build.0 = Release|x64
		{270D167D-BFB3-46F2-98AF-ABCD51E97671}.Release|x86.ActiveCfg = Release|Win32
		{270D167D-BFB3-46F2-98AF-ABCD51E97671}.Release|x86.Build.0 = Release|Win32
		{11C25B2D-17C2-418E-B906-3CD68AFDA8D8}.Debug|Any CPU.ActiveCfg = Debug|x64
		{11C25B2D-17C2-418E-B906-3CD68AFDA8D8}.Debug|Any CPU.Build.0 = Debug|x64
		{11C25B2D-17C2-418E-B906-3CD68AFDA8D8}.Debug|x64.ActiveCfg = Debug|x64
		{11C25B2D-17C2-418E-B906-3CD68AFDA8D8}.Debug|x64.Build.0 = Debug|x64
		{11C25B2D-17C2-418E-B906-3CD68AFDA8D8}.Debug|x86.ActiveCfg = Debug|Win32
		{11C25B2D-17C2-418E-B906-3CD68AFDA8D8}.Debug|x86.Build.0 = Debug|Win32
		{11C25B2D-17C2-418E-B906-3CD68AFDA8D8}.Release|Any CPU.ActiveCfg = Release|x64
		{11C25B2D-17C2-418E-B906-3CD68AFDA8D8}.Release|Any CPU.Build.0 = Release|x64
		{11C25B2D-17C2-418E-B906-3CD68AFDA8D8}.Release|x64.ActiveCfg = Release|x64
		{11C25B2D-17C2-418E-B906-3CD68AFDA8D8}.Release|x64.Build.0 = Release|x64
		{11C25B2D-17C2-418E-B906-3CD68AFDA8D8}.Release|x86.ActiveCfg = Release|Win32
		{11C25B2D-17C2-418E-B906-3CD68AFDA8D8}.Release|x86.Build.0 = Release|Win32
		{10589AF4-EE9B-4F7C-9DCA-4FA2195B56B8}.Debug|Any CPU.ActiveCfg = Debug|x64
		{10589AF4-EE9B-4F7C-9DCA-4FA2195B56B8}.Debug|Any CPU.Build.0 = Debug|x64
		{10589AF4-EE9B-4F7C-9DCA-4FA2195B56B8}.Debug|x64.ActiveCfg = Debug|x64
		{10589AF4-EE9B-4F7C-9DCA-4FA2195B56B8}.Debug|x64.Build.0 = Debug|x64
		{10589AF4-EE9B-4F7C-9DCA-4FA2195B56B8}.Debug|x86.ActiveCfg = Debug|Win32
		{10589AF4-EE9B-4F7C-9DCA-4FA2195B56B8}.Debug|x86.Build.0 = Debug|Win32
		{10589AF4-EE9B-4F7C-9DCA-4FA2195B56B8}.Release|Any CPU.ActiveCfg = Release|x64
		{10589AF4-EE9B-4F7C-9DCA-4FA2195B56B8}.Release|Any CPU.Build.0 = Release|x64
		{10589AF4-EE9B-4F7C-9DCA-4FA2195B56B8}.Release|x64.ActiveCfg = Release|x64
		{10589AF4-EE9B-4F7C-9DCA-4FA2195B56B8}.Release|x64.Build.0 = Release|x64
		{10589AF4-EE9B-4F7C-9DCA-4FA2195B56B8}.Release|x86.ActiveCfg = Release|Win32
		{10589AF4-EE9B-4F7C-9DCA-4FA2195B56B8}.Release|x86.Build.0 = Release|Win32
	EndGlobalSection
	GlobalSection(SolutionProperties) = preSolution
		HideSolutionNode = FALSE
	EndGlobalSection
	GlobalSection(ExtensibilityGlobals) = postSolution
		SolutionGuid = {9B9048D1-08A1-4944-A5FA-E44742D523B5}
	EndGlobalSection
EndGlobal
